
Microsoft Visual Studio Solution File, Format Version 12.00
# Visual Studio Version 16
VisualStudioVersion = 16.0.30717.126
MinimumVisualStudioVersion = 10.0.40219.1
Project("{FAE04EC0-301F-11D3-BF4B-00C04F79EFBC}") = "Practice7Xamarin", "Practice7Xamarin\Practice7Xamarin\Practice7Xamarin.csproj", "{2D6DF11E-C036-44F8-B6D0-A4F06084E991}"
EndProject
Project("{FAE04EC0-301F-11D3-BF4B-00C04F79EFBC}") = "Practice7Xamarin.Android", "Practice7Xamarin\Practice7Xamarin.Android\Practice7Xamarin.Android.csproj", "{75587275-BC86-4F55-B0A4-9EDBA0AD56D5}"
EndProject
Project("{FAE04EC0-301F-11D3-BF4B-00C04F79EFBC}") = "Practice7Xamarin.iOS", "Practice7Xamarin\Practice7Xamarin.iOS\Practice7Xamarin.iOS.csproj", "{88FDB4E9-7688-4F65-9CB3-7D52FCB30B19}"
EndProject
Global
	GlobalSection(SolutionConfigurationPlatforms) = preSolution
		Ad-Hoc|Any CPU = Ad-Hoc|Any CPU
		Ad-Hoc|iPhone = Ad-Hoc|iPhone
		Ad-Hoc|iPhoneSimulator = Ad-Hoc|iPhoneSimulator
		AppStore|Any CPU = AppStore|Any CPU
		AppStore|iPhone = AppStore|iPhone
		AppStore|iPhoneSimulator = AppStore|iPhoneSimulator
		Debug|Any CPU = Debug|Any CPU
		Debug|iPhone = Debug|iPhone
		Debug|iPhoneSimulator = Debug|iPhoneSimulator
		Release|Any CPU = Release|Any CPU
		Release|iPhone = Release|iPhone
		Release|iPhoneSimulator = Release|iPhoneSimulator
	EndGlobalSection
	GlobalSection(ProjectConfigurationPlatforms) = postSolution
		{2D6DF11E-C036-44F8-B6D0-A4F06084E991}.Ad-Hoc|Any CPU.ActiveCfg = Debug|Any CPU
		{2D6DF11E-C036-44F8-B6D0-A4F06084E991}.Ad-Hoc|Any CPU.Build.0 = Debug|Any CPU
		{2D6DF11E-C036-44F8-B6D0-A4F06084E991}.Ad-Hoc|iPhone.ActiveCfg = Debug|Any CPU
		{2D6DF11E-C036-44F8-B6D0-A4F06084E991}.Ad-Hoc|iPhone.Build.0 = Debug|Any CPU
		{2D6DF11E-C036-44F8-B6D0-A4F06084E991}.Ad-Hoc|iPhoneSimulator.ActiveCfg = Debug|Any CPU
		{2D6DF11E-C036-44F8-B6D0-A4F06084E991}.Ad-Hoc|iPhoneSimulator.Build.0 = Debug|Any CPU
		{2D6DF11E-C036-44F8-B6D0-A4F06084E991}.AppStore|Any CPU.ActiveCfg = Debug|Any CPU
		{2D6DF11E-C036-44F8-B6D0-A4F06084E991}.AppStore|Any CPU.Build.0 = Debug|Any CPU
		{2D6DF11E-C036-44F8-B6D0-A4F06084E991}.AppStore|iPhone.ActiveCfg = Debug|Any CPU
		{2D6DF11E-C036-44F8-B6D0-A4F06084E991}.AppStore|iPhone.Build.0 = Debug|Any CPU
		{2D6DF11E-C036-44F8-B6D0-A4F06084E991}.AppStore|iPhoneSimulator.ActiveCfg = Debug|Any CPU
		{2D6DF11E-C036-44F8-B6D0-A4F06084E991}.AppStore|iPhoneSimulator.Build.0 = Debug|Any CPU
		{2D6DF11E-C036-44F8-B6D0-A4F06084E991}.Debug|Any CPU.ActiveCfg = Debug|Any CPU
		{2D6DF11E-C036-44F8-B6D0-A4F06084E991}.Debug|Any CPU.Build.0 = Debug|Any CPU
		{2D6DF11E-C036-44F8-B6D0-A4F06084E991}.Debug|iPhone.ActiveCfg = Debug|Any CPU
		{2D6DF11E-C036-44F8-B6D0-A4F06084E991}.Debug|iPhone.Build.0 = Debug|Any CPU
		{2D6DF11E-C036-44F8-B6D0-A4F06084E991}.Debug|iPhoneSimulator.ActiveCfg = Debug|Any CPU
		{2D6DF11E-C036-44F8-B6D0-A4F06084E991}.Debug|iPhoneSimulator.Build.0 = Debug|Any CPU
		{2D6DF11E-C036-44F8-B6D0-A4F06084E991}.Release|Any CPU.ActiveCfg = Release|Any CPU
		{2D6DF11E-C036-44F8-B6D0-A4F06084E991}.Release|Any CPU.Build.0 = Release|Any CPU
		{2D6DF11E-C036-44F8-B6D0-A4F06084E991}.Release|iPhone.ActiveCfg = Release|Any CPU
		{2D6DF11E-C036-44F8-B6D0-A4F06084E991}.Release|iPhone.Build.0 = Release|Any CPU
		{2D6DF11E-C036-44F8-B6D0-A4F06084E991}.Release|iPhoneSimulator.ActiveCfg = Release|Any CPU
		{2D6DF11E-C036-44F8-B6D0-A4F06084E991}.Release|iPhoneSimulator.Build.0 = Release|Any CPU
		{75587275-BC86-4F55-B0A4-9EDBA0AD56D5}.Ad-Hoc|Any CPU.ActiveCfg = Debug|Any CPU
		{75587275-BC86-4F55-B0A4-9EDBA0AD56D5}.Ad-Hoc|Any CPU.Build.0 = Debug|Any CPU
		{75587275-BC86-4F55-B0A4-9EDBA0AD56D5}.Ad-Hoc|Any CPU.Deploy.0 = Debug|Any CPU
		{75587275-BC86-4F55-B0A4-9EDBA0AD56D5}.Ad-Hoc|iPhone.ActiveCfg = Debug|Any CPU
		{75587275-BC86-4F55-B0A4-9EDBA0AD56D5}.Ad-Hoc|iPhone.Build.0 = Debug|Any CPU
		{75587275-BC86-4F55-B0A4-9EDBA0AD56D5}.Ad-Hoc|iPhone.Deploy.0 = Debug|Any CPU
		{75587275-BC86-4F55-B0A4-9EDBA0AD56D5}.Ad-Hoc|iPhoneSimulator.ActiveCfg = Debug|Any CPU
		{75587275-BC86-4F55-B0A4-9EDBA0AD56D5}.Ad-Hoc|iPhoneSimulator.Build.0 = Debug|Any CPU
		{75587275-BC86-4F55-B0A4-9EDBA0AD56D5}.Ad-Hoc|iPhoneSimulator.Deploy.0 = Debug|Any CPU
		{75587275-BC86-4F55-B0A4-9EDBA0AD56D5}.AppStore|Any CPU.ActiveCfg = Debug|Any CPU
		{75587275-BC86-4F55-B0A4-9EDBA0AD56D5}.AppStore|Any CPU.Build.0 = Debug|Any CPU
		{75587275-BC86-4F55-B0A4-9EDBA0AD56D5}.AppStore|Any CPU.Deploy.0 = Debug|Any CPU
		{75587275-BC86-4F55-B0A4-9EDBA0AD56D5}.AppStore|iPhone.ActiveCfg = Debug|Any CPU
		{75587275-BC86-4F55-B0A4-9EDBA0AD56D5}.AppStore|iPhone.Build.0 = Debug|Any CPU
		{75587275-BC86-4F55-B0A4-9EDBA0AD56D5}.AppStore|iPhone.Deploy.0 = Debug|Any CPU
		{75587275-BC86-4F55-B0A4-9EDBA0AD56D5}.AppStore|iPhoneSimulator.ActiveCfg = Debug|Any CPU
		{75587275-BC86-4F55-B0A4-9EDBA0AD56D5}.AppStore|iPhoneSimulator.Build.0 = Debug|Any CPU
		{75587275-BC86-4F55-B0A4-9EDBA0AD56D5}.AppStore|iPhoneSimulator.Deploy.0 = Debug|Any CPU
		{75587275-BC86-4F55-B0A4-9EDBA0AD56D5}.Debug|Any CPU.ActiveCfg = Debug|Any CPU
		{75587275-BC86-4F55-B0A4-9EDBA0AD56D5}.Debug|Any CPU.Build.0 = Debug|Any CPU
		{75587275-BC86-4F55-B0A4-9EDBA0AD56D5}.Debug|Any CPU.Deploy.0 = Debug|Any CPU
		{75587275-BC86-4F55-B0A4-9EDBA0AD56D5}.Debug|iPhone.ActiveCfg = Debug|Any CPU
		{75587275-BC86-4F55-B0A4-9EDBA0AD56D5}.Debug|iPhone.Build.0 = Debug|Any CPU
		{75587275-BC86-4F55-B0A4-9EDBA0AD56D5}.Debug|iPhone.Deploy.0 = Debug|Any CPU
		{75587275-BC86-4F55-B0A4-9EDBA0AD56D5}.Debug|iPhoneSimulator.ActiveCfg = Debug|Any CPU
		{75587275-BC86-4F55-B0A4-9EDBA0AD56D5}.Debug|iPhoneSimulator.Build.0 = Debug|Any CPU
		{75587275-BC86-4F55-B0A4-9EDBA0AD56D5}.Debug|iPhoneSimulator.Deploy.0 = Debug|Any CPU
		{75587275-BC86-4F55-B0A4-9EDBA0AD56D5}.Release|Any CPU.ActiveCfg = Release|Any CPU
		{75587275-BC86-4F55-B0A4-9EDBA0AD56D5}.Release|Any CPU.Build.0 = Release|Any CPU
		{75587275-BC86-4F55-B0A4-9EDBA0AD56D5}.Release|Any CPU.Deploy.0 = Release|Any CPU
		{75587275-BC86-4F55-B0A4-9EDBA0AD56D5}.Release|iPhone.ActiveCfg = Release|Any CPU
		{75587275-BC86-4F55-B0A4-9EDBA0AD56D5}.Release|iPhone.Build.0 = Release|Any CPU
		{75587275-BC86-4F55-B0A4-9EDBA0AD56D5}.Release|iPhone.Deploy.0 = Release|Any CPU
		{75587275-BC86-4F55-B0A4-9EDBA0AD56D5}.Release|iPhoneSimulator.ActiveCfg = Release|Any CPU
		{75587275-BC86-4F55-B0A4-9EDBA0AD56D5}.Release|iPhoneSimulator.Build.0 = Release|Any CPU
		{75587275-BC86-4F55-B0A4-9EDBA0AD56D5}.Release|iPhoneSimulator.Deploy.0 = Release|Any CPU
		{88FDB4E9-7688-4F65-9CB3-7D52FCB30B19}.Ad-Hoc|Any CPU.ActiveCfg = Ad-Hoc|iPhoneSimulator
		{88FDB4E9-7688-4F65-9CB3-7D52FCB30B19}.Ad-Hoc|iPhone.ActiveCfg = Ad-Hoc|iPhone
		{88FDB4E9-7688-4F65-9CB3-7D52FCB30B19}.Ad-Hoc|iPhone.Build.0 = Ad-Hoc|iPhone
		{88FDB4E9-7688-4F65-9CB3-7D52FCB30B19}.Ad-Hoc|iPhoneSimulator.ActiveCfg = Ad-Hoc|iPhoneSimulator
		{88FDB4E9-7688-4F65-9CB3-7D52FCB30B19}.Ad-Hoc|iPhoneSimulator.Build.0 = Ad-Hoc|iPhoneSimulator
		{88FDB4E9-7688-4F65-9CB3-7D52FCB30B19}.AppStore|Any CPU.ActiveCfg = AppStore|iPhoneSimulator
		{88FDB4E9-7688-4F65-9CB3-7D52FCB30B19}.AppStore|iPhone.ActiveCfg = AppStore|iPhone
		{88FDB4E9-7688-4F65-9CB3-7D52FCB30B19}.AppStore|iPhone.Build.0 = AppStore|iPhone
		{88FDB4E9-7688-4F65-9CB3-7D52FCB30B19}.AppStore|iPhoneSimulator.ActiveCfg = AppStore|iPhoneSimulator
		{88FDB4E9-7688-4F65-9CB3-7D52FCB30B19}.AppStore|iPhoneSimulator.Build.0 = AppStore|iPhoneSimulator
		{88FDB4E9-7688-4F65-9CB3-7D52FCB30B19}.Debug|Any CPU.ActiveCfg = Debug|iPhoneSimulator
		{88FDB4E9-7688-4F65-9CB3-7D52FCB30B19}.Debug|iPhone.ActiveCfg = Debug|iPhone
		{88FDB4E9-7688-4F65-9CB3-7D52FCB30B19}.Debug|iPhone.Build.0 = Debug|iPhone
		{88FDB4E9-7688-4F65-9CB3-7D52FCB30B19}.Debug|iPhoneSimulator.ActiveCfg = Debug|iPhoneSimulator
		{88FDB4E9-7688-4F65-9CB3-7D52FCB30B19}.Debug|iPhoneSimulator.Build.0 = Debug|iPhoneSimulator
		{88FDB4E9-7688-4F65-9CB3-7D52FCB30B19}.Release|Any CPU.ActiveCfg = Release|iPhoneSimulator
		{88FDB4E9-7688-4F65-9CB3-7D52FCB30B19}.Release|iPhone.ActiveCfg = Release|iPhone
		{88FDB4E9-7688-4F65-9CB3-7D52FCB30B19}.Release|iPhone.Build.0 = Release|iPhone
		{88FDB4E9-7688-4F65-9CB3-7D52FCB30B19}.Release|iPhoneSimulator.ActiveCfg = Release|iPhoneSimulator
		{88FDB4E9-7688-4F65-9CB3-7D52FCB30B19}.Release|iPhoneSimulator.Build.0 = Release|iPhoneSimulator
	EndGlobalSection
	GlobalSection(SolutionProperties) = preSolution
		HideSolutionNode = FALSE
	EndGlobalSection
	GlobalSection(ExtensibilityGlobals) = postSolution
		SolutionGuid = {64D1E9A5-81BE-4E07-867F-A076D3E59D05}
	EndGlobalSection
EndGlobal
